
Microsoft Visual Studio Solution File, Format Version 12.00
# Visual Studio Version 17
VisualStudioVersion = 17.9.34902.65
MinimumVisualStudioVersion = 10.0.40219.1
Project("{FAE04EC0-301F-11D3-BF4B-00C04F79EFBC}") = "QualaAPI", "QualaAPI.csproj", "{66038DAA-D3B6-4A2B-A993-821A46F99407}"
EndProject
Global
	GlobalSection(SolutionConfigurationPlatforms) = preSolution
		Debug|Any CPU = Debug|Any CPU
		Release|Any CPU = Release|Any CPU
	EndGlobalSection
	GlobalSection(ProjectConfigurationPlatforms) = postSolution
		{66038DAA-D3B6-4A2B-A993-821A46F99407}.Debug|Any CPU.ActiveCfg = Debug|Any CPU
		{66038DAA-D3B6-4A2B-A993-821A46F99407}.Debug|Any CPU.Build.0 = Debug|Any CPU
		{66038DAA-D3B6-4A2B-A993-821A46F99407}.Release|Any CPU.ActiveCfg = Release|Any CPU
		{66038DAA-D3B6-4A2B-A993-821A46F99407}.Release|Any CPU.Build.0 = Release|Any CPU
	EndGlobalSection
	GlobalSection(SolutionProperties) = preSolution
		HideSolutionNode = FALSE
	EndGlobalSection
	GlobalSection(ExtensibilityGlobals) = postSolution
		SolutionGuid = {56C13CB5-0669-4671-987F-5C7F5319C06D}
	EndGlobalSection
EndGlobal
